
Microsoft Visual Studio Solution File, Format Version 12.00
# Visual Studio Version 17
VisualStudioVersion = 17.14.36301.6 d17.14
MinimumVisualStudioVersion = 10.0.40219.1
Project("{8BC9CEB8-8B4A-11D0-8D11-00A0C91BC942}") = "LBYARCH_S12A_x86_64_InterfaceProgrammingProject_Group4", "LBYARCH_S12A_x86_64_InterfaceProgrammingProject_Group4.vcxproj", "{EC14E699-67E5-4511-9596-AB38A6D40C54}"
EndProject
Global
	GlobalSection(SolutionConfigurationPlatforms) = preSolution
		Debug|x64 = Debug|x64
		Debug|x86 = Debug|x86
		Release|x64 = Release|x64
		Release|x86 = Release|x86
	EndGlobalSection
	GlobalSection(ProjectConfigurationPlatforms) = postSolution
		{EC14E699-67E5-4511-9596-AB38A6D40C54}.Debug|x64.ActiveCfg = Debug|x64
		{EC14E699-67E5-4511-9596-AB38A6D40C54}.Debug|x64.Build.0 = Debug|x64
		{EC14E699-67E5-4511-9596-AB38A6D40C54}.Debug|x86.ActiveCfg = Debug|Win32
		{EC14E699-67E5-4511-9596-AB38A6D40C54}.Debug|x86.Build.0 = Debug|Win32
		{EC14E699-67E5-4511-9596-AB38A6D40C54}.Release|x64.ActiveCfg = Release|x64
		{EC14E699-67E5-4511-9596-AB38A6D40C54}.Release|x64.Build.0 = Release|x64
		{EC14E699-67E5-4511-9596-AB38A6D40C54}.Release|x86.ActiveCfg = Release|Win32
		{EC14E699-67E5-4511-9596-AB38A6D40C54}.Release|x86.Build.0 = Release|Win32
	EndGlobalSection
	GlobalSection(SolutionProperties) = preSolution
		HideSolutionNode = FALSE
	EndGlobalSection
	GlobalSection(ExtensibilityGlobals) = postSolution
		SolutionGuid = {B5B5FC9E-7090-4B10-A76A-17F17820DBB5}
	EndGlobalSection
EndGlobal
